
Microsoft Visual Studio Solution File, Format Version 12.00
# Visual Studio Version 17
VisualStudioVersion = 17.6.33723.286
MinimumVisualStudioVersion = 10.0.40219.1
Project("{FAE04EC0-301F-11D3-BF4B-00C04F79EFBC}") = "WebAppsKF", "WebAppsKF.csproj", "{8A369C9C-77C0-4D1C-80B3-2BF24E05BFA7}"
EndProject
Global
	GlobalSection(SolutionConfigurationPlatforms) = preSolution
		Debug|Any CPU = Debug|Any CPU
		Release|Any CPU = Release|Any CPU
	EndGlobalSection
	GlobalSection(ProjectConfigurationPlatforms) = postSolution
		{8A369C9C-77C0-4D1C-80B3-2BF24E05BFA7}.Debug|Any CPU.ActiveCfg = Debug|Any CPU
		{8A369C9C-77C0-4D1C-80B3-2BF24E05BFA7}.Debug|Any CPU.Build.0 = Debug|Any CPU
		{8A369C9C-77C0-4D1C-80B3-2BF24E05BFA7}.Release|Any CPU.ActiveCfg = Release|Any CPU
		{8A369C9C-77C0-4D1C-80B3-2BF24E05BFA7}.Release|Any CPU.Build.0 = Release|Any CPU
	EndGlobalSection
	GlobalSection(SolutionProperties) = preSolution
		HideSolutionNode = FALSE
	EndGlobalSection
	GlobalSection(ExtensibilityGlobals) = postSolution
		SolutionGuid = {8FD6E19A-1EAF-4708-B47F-496D61241242}
	EndGlobalSection
EndGlobal
